
Microsoft Visual Studio Solution File, Format Version 12.00
# Visual Studio Version 16
VisualStudioVersion = 25.0.1700.0
MinimumVisualStudioVersion = 10.0.40219.1
Project("{FAE04EC0-301F-11D3-BF4B-00C04F79EFBC}") = "babyNames.Android", "babyNames\babyNames.Android\babyNames.Android.csproj", "{D7D3104F-9191-431E-A0A1-73CF2148E36A}"
EndProject
Project("{FAE04EC0-301F-11D3-BF4B-00C04F79EFBC}") = "babyNames.iOS", "babyNames\babyNames.iOS\babyNames.iOS.csproj", "{BBBE22C7-7F05-46E2-BB36-E0ADCE7E43D2}"
EndProject
Project("{FAE04EC0-301F-11D3-BF4B-00C04F79EFBC}") = "babyNames", "babyNames\babyNames\babyNames.csproj", "{EB9AE42D-2A40-4DA2-B82D-86ADECED4634}"
EndProject
Global
	GlobalSection(SolutionConfigurationPlatforms) = preSolution
		Debug|Any CPU = Debug|Any CPU
		Release|Any CPU = Release|Any CPU
		Debug|iPhoneSimulator = Debug|iPhoneSimulator
		Release|iPhoneSimulator = Release|iPhoneSimulator
		Debug|iPhone = Debug|iPhone
		Release|iPhone = Release|iPhone
	EndGlobalSection
	GlobalSection(ProjectConfigurationPlatforms) = postSolution
		{D7D3104F-9191-431E-A0A1-73CF2148E36A}.Debug|Any CPU.ActiveCfg = Debug|Any CPU
		{D7D3104F-9191-431E-A0A1-73CF2148E36A}.Debug|Any CPU.Build.0 = Debug|Any CPU
		{D7D3104F-9191-431E-A0A1-73CF2148E36A}.Release|Any CPU.ActiveCfg = Release|Any CPU
		{D7D3104F-9191-431E-A0A1-73CF2148E36A}.Release|Any CPU.Build.0 = Release|Any CPU
		{D7D3104F-9191-431E-A0A1-73CF2148E36A}.Debug|iPhoneSimulator.ActiveCfg = Debug|Any CPU
		{D7D3104F-9191-431E-A0A1-73CF2148E36A}.Debug|iPhoneSimulator.Build.0 = Debug|Any CPU
		{D7D3104F-9191-431E-A0A1-73CF2148E36A}.Release|iPhoneSimulator.ActiveCfg = Release|Any CPU
		{D7D3104F-9191-431E-A0A1-73CF2148E36A}.Release|iPhoneSimulator.Build.0 = Release|Any CPU
		{D7D3104F-9191-431E-A0A1-73CF2148E36A}.Debug|iPhone.ActiveCfg = Debug|Any CPU
		{D7D3104F-9191-431E-A0A1-73CF2148E36A}.Debug|iPhone.Build.0 = Debug|Any CPU
		{D7D3104F-9191-431E-A0A1-73CF2148E36A}.Release|iPhone.ActiveCfg = Release|Any CPU
		{D7D3104F-9191-431E-A0A1-73CF2148E36A}.Release|iPhone.Build.0 = Release|Any CPU
		{BBBE22C7-7F05-46E2-BB36-E0ADCE7E43D2}.Debug|Any CPU.ActiveCfg = Debug|iPhoneSimulator
		{BBBE22C7-7F05-46E2-BB36-E0ADCE7E43D2}.Debug|Any CPU.Build.0 = Debug|iPhoneSimulator
		{BBBE22C7-7F05-46E2-BB36-E0ADCE7E43D2}.Release|Any CPU.ActiveCfg = Release|iPhoneSimulator
		{BBBE22C7-7F05-46E2-BB36-E0ADCE7E43D2}.Release|Any CPU.Build.0 = Release|iPhoneSimulator
		{BBBE22C7-7F05-46E2-BB36-E0ADCE7E43D2}.Debug|iPhoneSimulator.ActiveCfg = Debug|iPhoneSimulator
		{BBBE22C7-7F05-46E2-BB36-E0ADCE7E43D2}.Debug|iPhoneSimulator.Build.0 = Debug|iPhoneSimulator
		{BBBE22C7-7F05-46E2-BB36-E0ADCE7E43D2}.Release|iPhoneSimulator.ActiveCfg = Release|iPhoneSimulator
		{BBBE22C7-7F05-46E2-BB36-E0ADCE7E43D2}.Release|iPhoneSimulator.Build.0 = Release|iPhoneSimulator
		{BBBE22C7-7F05-46E2-BB36-E0ADCE7E43D2}.Debug|iPhone.ActiveCfg = Debug|iPhone
		{BBBE22C7-7F05-46E2-BB36-E0ADCE7E43D2}.Debug|iPhone.Build.0 = Debug|iPhone
		{BBBE22C7-7F05-46E2-BB36-E0ADCE7E43D2}.Release|iPhone.ActiveCfg = Release|iPhone
		{BBBE22C7-7F05-46E2-BB36-E0ADCE7E43D2}.Release|iPhone.Build.0 = Release|iPhone
		{EB9AE42D-2A40-4DA2-B82D-86ADECED4634}.Debug|Any CPU.ActiveCfg = Debug|Any CPU
		{EB9AE42D-2A40-4DA2-B82D-86ADECED4634}.Debug|Any CPU.Build.0 = Debug|Any CPU
		{EB9AE42D-2A40-4DA2-B82D-86ADECED4634}.Release|Any CPU.ActiveCfg = Release|Any CPU
		{EB9AE42D-2A40-4DA2-B82D-86ADECED4634}.Release|Any CPU.Build.0 = Release|Any CPU
		{EB9AE42D-2A40-4DA2-B82D-86ADECED4634}.Debug|iPhoneSimulator.ActiveCfg = Debug|Any CPU
		{EB9AE42D-2A40-4DA2-B82D-86ADECED4634}.Debug|iPhoneSimulator.Build.0 = Debug|Any CPU
		{EB9AE42D-2A40-4DA2-B82D-86ADECED4634}.Release|iPhoneSimulator.ActiveCfg = Release|Any CPU
		{EB9AE42D-2A40-4DA2-B82D-86ADECED4634}.Release|iPhoneSimulator.Build.0 = Release|Any CPU
		{EB9AE42D-2A40-4DA2-B82D-86ADECED4634}.Debug|iPhone.ActiveCfg = Debug|Any CPU
		{EB9AE42D-2A40-4DA2-B82D-86ADECED4634}.Debug|iPhone.Build.0 = Debug|Any CPU
		{EB9AE42D-2A40-4DA2-B82D-86ADECED4634}.Release|iPhone.ActiveCfg = Release|Any CPU
		{EB9AE42D-2A40-4DA2-B82D-86ADECED4634}.Release|iPhone.Build.0 = Release|Any CPU
	EndGlobalSection
	GlobalSection(SolutionProperties) = preSolution
		HideSolutionNode = FALSE
	EndGlobalSection
	GlobalSection(ExtensibilityGlobals) = postSolution
		SolutionGuid = {17CF6A5D-74F1-492D-8516-DFDE9A6FE060}
	EndGlobalSection
EndGlobal
